
Microsoft Visual Studio Solution File, Format Version 12.00
# Visual Studio Version 17
VisualStudioVersion = 17.4.33403.182
MinimumVisualStudioVersion = 10.0.40219.1
Project("{FAE04EC0-301F-11D3-BF4B-00C04F79EFBC}") = "Day12_LambdaExpression", "Day12_LambdaExpression\Day12_LambdaExpression.csproj", "{2BBB3E45-33C8-4F11-B792-3933246A8688}"
EndProject
Global
	GlobalSection(SolutionConfigurationPlatforms) = preSolution
		Debug|Any CPU = Debug|Any CPU
		Release|Any CPU = Release|Any CPU
	EndGlobalSection
	GlobalSection(ProjectConfigurationPlatforms) = postSolution
		{2BBB3E45-33C8-4F11-B792-3933246A8688}.Debug|Any CPU.ActiveCfg = Debug|Any CPU
		{2BBB3E45-33C8-4F11-B792-3933246A8688}.Debug|Any CPU.Build.0 = Debug|Any CPU
		{2BBB3E45-33C8-4F11-B792-3933246A8688}.Release|Any CPU.ActiveCfg = Release|Any CPU
		{2BBB3E45-33C8-4F11-B792-3933246A8688}.Release|Any CPU.Build.0 = Release|Any CPU
	EndGlobalSection
	GlobalSection(SolutionProperties) = preSolution
		HideSolutionNode = FALSE
	EndGlobalSection
	GlobalSection(ExtensibilityGlobals) = postSolution
		SolutionGuid = {4DADF059-C8E8-4126-911E-902B28D8CBC3}
	EndGlobalSection
EndGlobal
